github.com/mattn/go-runewidth v0.0.12 h1:Y41i/hVW3Pgwr8gV+J23B9YEY0zxjptBuCWEaxmAOow=
github.com/mattn/go-runewidth v0.0.12/go.mod h1:RAqKPSqVFrSLVXbA8x7dzmKdmGzieGRCM46jaSJTDAk=
github.com/nsf/termbox-go v1.1.2-0.20220208101239-71f343b9e47a h1:bo/en0nV7yIH9qtsR8q6IAqxydOncqhF5C9nW4yIvyM=
github.com/nsf/termbox-go v1.1.2-0.20220208101239-71f343b9e47a/go.mod h1:M+ZyruvbEgtsI/oH9v3MdVLrGYGFdN2ZkHy9A921cY0=
github.com/nsf/tulib v0.0.0-20140820125801-b257bdd8b41a h1:i/BM5JBQdlAF9QHLUezt9TGUHJexKWV4cHTOEg3rYYM=
github.com/nsf/tulib v0.0.0-20140820125801-b257bdd8b41a/go.mod h1:l8PxyK8FtBG9YzxHS/FhOsi9mrbcMjqesXO6NdoHVY0=
github.com/rivo/uniseg v0.1.0/go.mod h1:J6wj4VEh+S6ZtnVlnTBMWIodfgj8LQOQFoIToxlJtxc=
github.com/rivo/uniseg v0.2.0 h1:S1pD9weZBuJdFmowNwbpi7BJ8TNftyUImj/0WQi72jY=
github.com/rivo/uniseg v0.2.0/go.mod h1:J6wj4VEh+S6ZtnVlnTBMWIodfgj8LQOQFoIToxlJtxc=
